gom 'github.com/yuin/gopher-lua', :commit => '6a1397dfb6f8e7af08496129dd96f5f62c148f47'
gom 'github.com/yuin/gluare', :commit => '8e2742cd1bf2b904720ac66eca3c2091b2ea0720'
gom 'github.com/kohkimakimoto/gluayaml', :commit => '6fe413d49d73d785510ecf1529991ab0573e96c7'
gom 'github.com/kohkimakimoto/gluatemplate', :commit => 'd9e2c9d6b00f069a9da377a9ac529c827c1c7d71'
gom 'github.com/kohkimakimoto/gluafs', :commit => '01391ed2d7ab89dc80157605b073403f960aa223'
gom 'github.com/kohkimakimoto/gluaquestion', :commit => '311437c29ba54d027ad2af383661725ae2bfdcdc'
gom 'github.com/kohkimakimoto/gluaenv', :commit => '2888db6bbe38923d59c42e443895875cc8ce0820'
gom 'github.com/layeh/gopher-json', :commit => 'e45b65570c08a97b97a459e0cc04a53c1affab95'
gom 'github.com/cjoudrey/gluahttp', :commit => 'ff6d15994ab4e602c1531b684328dd28396bfaab'
gom 'github.com/otm/gluash', :commit => 'e145c563986f0b91f740a758a84bca46c163aec7'
gom 'github.com/mitchellh/mapstructure', :commit => 'ca63d7c062ee3c9f34db231e352b60012b4fd0c1'
gom 'github.com/kohkimakimoto/loglv', :commit => '4f44f49b070c120dfd2c9e41a7d07c2eb7817a04'
gom 'github.com/fatih/color', :commit => '87d4004f2ab62d0d255e0a38f1680aa534549fe3'
gom 'github.com/yookoala/realpath', :commit => 'c416d99ab5ed256fa30c1f3bab73152deb59bb69'
gom 'github.com/mitchellh/gox', :commit => 'c9740af9c6574448fd48eb30a71f964014c7a837'
